<?xml version="1.0" encoding="utf-8"?>
<Project ToolsVersion="4.0" xmlns="http://schemas.microsoft.com/developer/msbuild/2003">
  <ItemGroup>
    <Filter Include="system">
      <UniqueIdentifier>{bd97b26c-b76b-43a1-b69e-c9a9d1bda5fd}</UniqueIdentifier>
    </Filter>
    <Filter Include="system\window">
      <UniqueIdentifier>{b3e0c1a7-41f8-4d75-a838-a38275c9fad9}</UniqueIdentifier>
    </Filter>
    <Filter Include="system\exception">
      <UniqueIdentifier>{f88887ae-da4a-43be-a19e-42ede9d8d97e}</UniqueIdentifier>
    </Filter>
    <Filter Include="system\resources">
      <UniqueIdentifier>{8d2f26a1-5703-482c-b0df-b1ba27382ad7}</UniqueIdentifier>
    </Filter>
  </ItemGroup>
  <ItemGroup>
    <ClCompile Include="WinMain.cpp">
      <Filter>system\window</Filter>
    </ClCompile>
    <ClCompile Include="WindowsMessageMap.cpp">
      <Filter>system\window</Filter>
    </ClCompile>
    <ClCompile Include="Window.cpp">
      <Filter>system\window</Filter>
    </ClCompile>
    <ClCompile Include="EngineException.cpp">
      <Filter>system\exception</Filter>
    </ClCompile>
  </ItemGroup>
  <ItemGroup>
    <ClInclude Include="config.h">
      <Filter>system</Filter>
    </ClInclude>
    <ClInclude Include="EngineException.hpp">
      <Filter>system\exception</Filter>
    </ClInclude>
    <ClInclude Include="resource.h">
      <Filter>system\resources</Filter>
    </ClInclude>
    <ClInclude Include="Window.hpp">
      <Filter>system\window</Filter>
    </ClInclude>
    <ClInclude Include="WindowsMessageMap.hpp">
      <Filter>system\window</Filter>
    </ClInclude>
  </ItemGroup>
  <ItemGroup>
    <Image Include="directx_12_logo.ico">
      <Filter>system\resources</Filter>
    </Image>
  </ItemGroup>
  <ItemGroup>
    <ResourceCompile Include="directx3d.rc">
      <Filter>system\resources</Filter>
    </ResourceCompile>
  </ItemGroup>
</Project>