<?xml version="1.0" encoding="utf-8"?>
<Project ToolsVersion="4.0" xmlns="http://schemas.microsoft.com/developer/msbuild/2003">
  <ItemGroup>
    <Filter Include="system">
      <UniqueIdentifier>{bd97b26c-b76b-43a1-b69e-c9a9d1bda5fd}</UniqueIdentifier>
    </Filter>
    <Filter Include="system\window">
      <UniqueIdentifier>{b3e0c1a7-41f8-4d75-a838-a38275c9fad9}</UniqueIdentifier>
    </Filter>
    <Filter Include="system\exception">
      <UniqueIdentifier>{f88887ae-da4a-43be-a19e-42ede9d8d97e}</UniqueIdentifier>
    </Filter>
    <Filter Include="system\resources">
      <UniqueIdentifier>{8d2f26a1-5703-482c-b0df-b1ba27382ad7}</UniqueIdentifier>
    </Filter>
    <Filter Include="system\app">
      <UniqueIdentifier>{c2d08317-4aec-4f5f-8a8b-d9c98747d1ce}</UniqueIdentifier>
    </Filter>
    <Filter Include="system\Timer">
      <UniqueIdentifier>{fe59dea9-f7b1-4556-8a0e-f6b5520d117f}</UniqueIdentifier>
    </Filter>
    <Filter Include="system\graphic">
      <UniqueIdentifier>{f183912a-a0aa-4fe3-9e3f-4d319fcac33c}</UniqueIdentifier>
    </Filter>
    <Filter Include="system\input">
      <UniqueIdentifier>{cb30823f-90df-4453-bb6d-52531e625ef9}</UniqueIdentifier>
    </Filter>
    <Filter Include="system\input\mouse">
      <UniqueIdentifier>{1b79e89c-bc54-471c-a034-9a909c6a7462}</UniqueIdentifier>
    </Filter>
    <Filter Include="system\input\keyboard">
      <UniqueIdentifier>{a9d6871b-ce63-44e1-bd54-f6158a05a547}</UniqueIdentifier>
    </Filter>
    <Filter Include="system\graphic\shader">
      <UniqueIdentifier>{93da10ef-f138-4c98-9472-f5599444a68a}</UniqueIdentifier>
    </Filter>
  </ItemGroup>
  <ItemGroup>
    <ClCompile Include="WinMain.cpp">
      <Filter>system\window</Filter>
    </ClCompile>
    <ClCompile Include="WindowsMessageMap.cpp">
      <Filter>system\window</Filter>
    </ClCompile>
    <ClCompile Include="Window.cpp">
      <Filter>system\window</Filter>
    </ClCompile>
    <ClCompile Include="EngineException.cpp">
      <Filter>system\exception</Filter>
    </ClCompile>
    <ClCompile Include="Keyboard.cpp">
      <Filter>system\input\keyboard</Filter>
    </ClCompile>
    <ClCompile Include="Mouse.cpp">
      <Filter>system\input\mouse</Filter>
    </ClCompile>
    <ClCompile Include="App.cpp">
      <Filter>system\app</Filter>
    </ClCompile>
    <ClCompile Include="Timer.cpp">
      <Filter>system\Timer</Filter>
    </ClCompile>
    <ClCompile Include="dxerr.cpp">
      <Filter>system\exception</Filter>
    </ClCompile>
    <ClCompile Include="DxgiInfoManager.cpp">
      <Filter>system\exception</Filter>
    </ClCompile>
    <ClCompile Include="Graphics.cpp">
      <Filter>system\graphic</Filter>
    </ClCompile>
  </ItemGroup>
  <ItemGroup>
    <ClInclude Include="config.h">
      <Filter>system</Filter>
    </ClInclude>
    <ClInclude Include="EngineException.hpp">
      <Filter>system\exception</Filter>
    </ClInclude>
    <ClInclude Include="resource.h">
      <Filter>system\resources</Filter>
    </ClInclude>
    <ClInclude Include="Window.hpp">
      <Filter>system\window</Filter>
    </ClInclude>
    <ClInclude Include="WindowsMessageMap.hpp">
      <Filter>system\window</Filter>
    </ClInclude>
    <ClInclude Include="Keyboard.hpp">
      <Filter>system\input\keyboard</Filter>
    </ClInclude>
    <ClInclude Include="Mouse.hpp">
      <Filter>system\input\mouse</Filter>
    </ClInclude>
    <ClInclude Include="App.hpp">
      <Filter>system\app</Filter>
    </ClInclude>
    <ClInclude Include="Timer.hpp">
      <Filter>system\Timer</Filter>
    </ClInclude>
    <ClInclude Include="dxerr.h">
      <Filter>system\exception</Filter>
    </ClInclude>
    <ClInclude Include="DxgiInfoManager.hpp">
      <Filter>system\exception</Filter>
    </ClInclude>
    <ClInclude Include="Graphics.hpp">
      <Filter>system\graphic</Filter>
    </ClInclude>
    <ClInclude Include="base.h">
      <Filter>system</Filter>
    </ClInclude>
  </ItemGroup>
  <ItemGroup>
    <Image Include="directx_12_logo.ico">
      <Filter>system\resources</Filter>
    </Image>
  </ItemGroup>
  <ItemGroup>
    <ResourceCompile Include="directx3d.rc">
      <Filter>system\resources</Filter>
    </ResourceCompile>
  </ItemGroup>
  <ItemGroup>
    <None Include="DXGetErrorString.inl">
      <Filter>system\exception</Filter>
    </None>
    <None Include="DXTrace.inl">
      <Filter>system\exception</Filter>
    </None>
    <None Include="DXGetErrorDescription.inl">
      <Filter>system\exception</Filter>
    </None>
  </ItemGroup>
  <ItemGroup>
    <FxCompile Include="VertexShader.hlsl">
      <Filter>system\graphic\shader</Filter>
    </FxCompile>
    <FxCompile Include="PixelShader.hlsl">
      <Filter>system\graphic\shader</Filter>
    </FxCompile>
  </ItemGroup>
</Project>